
Microsoft Visual Studio Solution File, Format Version 12.00
# Visual Studio Version 17
VisualStudioVersion = 17.2.32616.157
MinimumVisualStudioVersion = 10.0.40219.1
Project("{FAE04EC0-301F-11D3-BF4B-00C04F79EFBC}") = "TestTree.Server", "TestTree\Server\TestTree.Server.csproj", "{01BC9E91-2ADC-46CD-84B7-E033476EFF8E}"
EndProject
Project("{FAE04EC0-301F-11D3-BF4B-00C04F79EFBC}") = "TestTree.Client", "TestTree\Client\TestTree.Client.csproj", "{2D6AE858-E591-482C-AB11-379DB50900DC}"
EndProject
Project("{FAE04EC0-301F-11D3-BF4B-00C04F79EFBC}") = "TestTree.Shared", "TestTree\Shared\TestTree.Shared.csproj", "{23411AA4-12A5-45B5-A132-A81872767142}"
EndProject
Global
	GlobalSection(SolutionConfigurationPlatforms) = preSolution
		Debug|Any CPU = Debug|Any CPU
		Release|Any CPU = Release|Any CPU
	EndGlobalSection
	GlobalSection(ProjectConfigurationPlatforms) = postSolution
		{01BC9E91-2ADC-46CD-84B7-E033476EFF8E}.Debug|Any CPU.ActiveCfg = Debug|Any CPU
		{01BC9E91-2ADC-46CD-84B7-E033476EFF8E}.Debug|Any CPU.Build.0 = Debug|Any CPU
		{01BC9E91-2ADC-46CD-84B7-E033476EFF8E}.Release|Any CPU.ActiveCfg = Release|Any CPU
		{01BC9E91-2ADC-46CD-84B7-E033476EFF8E}.Release|Any CPU.Build.0 = Release|Any CPU
		{2D6AE858-E591-482C-AB11-379DB50900DC}.Debug|Any CPU.ActiveCfg = Debug|Any CPU
		{2D6AE858-E591-482C-AB11-379DB50900DC}.Debug|Any CPU.Build.0 = Debug|Any CPU
		{2D6AE858-E591-482C-AB11-379DB50900DC}.Release|Any CPU.ActiveCfg = Release|Any CPU
		{2D6AE858-E591-482C-AB11-379DB50900DC}.Release|Any CPU.Build.0 = Release|Any CPU
		{23411AA4-12A5-45B5-A132-A81872767142}.Debug|Any CPU.ActiveCfg = Debug|Any CPU
		{23411AA4-12A5-45B5-A132-A81872767142}.Debug|Any CPU.Build.0 = Debug|Any CPU
		{23411AA4-12A5-45B5-A132-A81872767142}.Release|Any CPU.ActiveCfg = Release|Any CPU
		{23411AA4-12A5-45B5-A132-A81872767142}.Release|Any CPU.Build.0 = Release|Any CPU
	EndGlobalSection
	GlobalSection(SolutionProperties) = preSolution
		HideSolutionNode = FALSE
	EndGlobalSection
	GlobalSection(ExtensibilityGlobals) = postSolution
		SolutionGuid = {5CFD4A73-56FB-4733-9E06-BA190E208E53}
	EndGlobalSection
EndGlobal
